{
  "R": {
    "Version": "4.1.3",
    "Repositories": [
      {
        "Name": "CRAN",
        "URL": "https://cloud.r-project.org"
      }
    ]
  },
  "Packages": {
    "BH": {
      "Package": "BH",
      "Version": "1.81.0-1",
      "Source": "Repository",
      "Repository": "CRAN",
      "Hash": "68122010f01c4dcfbe58ce7112f2433d",
      "Requirements": []
    },
    "ISOcodes": {
      "Package": "ISOcodes",
      "Version": "2022.09.29",
      "Source": "Repository",
      "Repository": "CRAN",
      "Hash": "c4bc79931eab19f1553b31b744aa5ac1",
      "Requirements": []
    },
    "MASS": {
      "Package": "MASS",
      "Version": "7.3-58.2",
      "Source": "Repository",
      "Repository": "CRAN",
      "Hash": "e02d1a0f6122fd3e634b25b433704344",
      "Requirements": []
    },
    "Matrix": {
      "Package": "Matrix",
      "Version": "1.5-3",
      "Source": "Repository",
      "Repository": "CRAN",
      "Hash": "4006dffe49958d2dd591c17e61e60591",
      "Requirements": [
        "lattice"
      ]
    },
    "R6": {
      "Package": "R6",
      "Version": "2.5.1",
      "Source": "Repository",
      "Repository": "CRAN",
      "Hash": "470851b6d5d0ac559e9d01bb352b4021",
      "Requirements": []
    },
    "RColorBrewer": {
      "Package": "RColorBrewer",
      "Version": "1.1-3",
      "Source": "Repository",
      "Repository": "CRAN",
      "Hash": "45f0398006e83a5b10b72a90663d8d8c",
      "Requirements": []
    },
    "RCurl": {
      "Package": "RCurl",
      "Version": "1.98-1.10",
      "Source": "Repository",
      "Repository": "CRAN",
      "Hash": "35136c52e39f2679ebbe7bf448e3bd5a",
      "Requirements": [
        "bitops"
      ]
    },
    "Rcpp": {
      "Package": "Rcpp",
      "Version": "1.0.10",
      "Source": "Repository",
      "Repository": "CRAN",
      "Hash": "e749cae40fa9ef469b6050959517453c",
      "Requirements": []
    },
    "RcppArmadillo": {
      "Package": "RcppArmadillo",
      "Version": "0.11.4.3.1",
      "Source": "Repository",
      "Repository": "CRAN",
      "Hash": "836c1aeec6a7a2b28273bd42a0511a9e",
      "Requirements": [
        "Rcpp"
      ]
    },
    "RcppEigen": {
      "Package": "RcppEigen",
      "Version": "0.3.3.9.3",
      "Source": "Repository",
      "Repository": "CRAN",
      "Hash": "1e035db628cefb315c571202d70202fe",
      "Requirements": [
        "Matrix",
        "Rcpp"
      ]
    },
    "RcppParallel": {
      "Package": "RcppParallel",
      "Version": "5.1.6",
      "Source": "Repository",
      "Repository": "CRAN",
      "Hash": "9d930f5e12e075d57965f46503a1f9b1",
      "Requirements": []
    },
    "RcppTOML": {
      "Package": "RcppTOML",
      "Version": "0.2.2",
      "Source": "Repository",
      "Repository": "CRAN",
      "Hash": "c232938949fcd8126034419cc529333a",
      "Requirements": [
        "Rcpp"
      ]
    },
    "SnowballC": {
      "Package": "SnowballC",
      "Version": "0.7.0",
      "Source": "Repository",
      "Repository": "CRAN",
      "Hash": "bc26e07c0d747fd287c370fe355e7b85",
      "Requirements": []
    },
    "V8": {
      "Package": "V8",
      "Version": "4.2.2",
      "Source": "Repository",
      "Repository": "CRAN",
      "Hash": "ebee37dadb0a8f5086663825d2c33076",
      "Requirements": [
        "Rcpp",
        "curl",
        "jsonlite"
      ]
    },
    "antiword": {
      "Package": "antiword",
      "Version": "1.3.1",
      "Source": "Repository",
      "Repository": "CRAN",
      "Hash": "d99c267c57e790c428cb595755e4676e",
      "Requirements": [
        "sys"
      ]
    },
    "anytime": {
      "Package": "anytime",
      "Version": "0.3.9",
      "Source": "Repository",
      "Repository": "CRAN",
      "Hash": "74a64813f17b492da9c6afda6b128e3d",
      "Requirements": [
        "BH",
        "Rcpp"
      ]
    },
    "askpass": {
      "Package": "askpass",
      "Version": "1.1",
      "Source": "Repository",
      "Repository": "CRAN",
      "Hash": "e8a22846fff485f0be3770c2da758713",
      "Requirements": [
        "sys"
      ]
    },
    "backports": {
      "Package": "backports",
      "Version": "1.4.1",
      "Source": "Repository",
      "Repository": "CRAN",
      "Hash": "c39fbec8a30d23e721980b8afb31984c",
      "Requirements": []
    },
    "base64enc": {
      "Package": "base64enc",
      "Version": "0.1-3",
      "Source": "Repository",
      "Repository": "CRAN",
      "Hash": "543776ae6848fde2f48ff3816d0628bc",
      "Requirements": []
    },
    "base64url": {
      "Package": "base64url",
      "Version": "1.4",
      "Source": "Repository",
      "Repository": "CRAN",
      "Hash": "0c54cf3a08cc0e550fbd64ad33166143",
      "Requirements": [
        "backports"
      ]
    },
    "bib2df": {
      "Package": "bib2df",
      "Version": "1.1.1",
      "Source": "Repository",
      "Repository": "CRAN",
      "Hash": "f2cf33875b859a757ad919a4471cdc0f",
      "Requirements": [
        "dplyr",
        "httr",
        "humaniformat",
        "stringr"
      ]
    },
    "bigD": {
      "Package": "bigD",
      "Version": "0.2.0",
      "Source": "Repository",
      "Repository": "CRAN",
      "Hash": "93637e906f3fe962413912c956eb44db",
      "Requirements": []
    },
    "bit": {
      "Package": "bit",
      "Version": "4.0.5",
      "Source": "Repository",
      "Repository": "CRAN",
      "Hash": "d242abec29412ce988848d0294b208fd",
      "Requirements": []
    },
    "bit64": {
      "Package": "bit64",
      "Version": "4.0.5",
      "Source": "Repository",
      "Repository": "CRAN",
      "Hash": "9fe98599ca456d6552421db0d6772d8f",
      "Requirements": [
        "bit"
      ]
    },
    "bitops": {
      "Package": "bitops",
      "Version": "1.0-7",
      "Source": "Repository",
      "Repository": "CRAN",
      "Hash": "b7d8d8ee39869c18d8846a184dd8a1af",
      "Requirements": []
    },
    "bs4Dash": {
      "Package": "bs4Dash",
      "Version": "2.2.1",
      "Source": "Repository",
      "Repository": "CRAN",
      "Hash": "5bdfebde67149093342161c6e748ca0d",
      "Requirements": [
        "bslib",
        "fresh",
        "htmltools",
        "httpuv",
        "httr",
        "jsonlite",
        "lifecycle",
        "shiny",
        "waiter"
      ]
    },
    "bslib": {
      "Package": "bslib",
      "Version": "0.4.2",
      "Source": "Repository",
      "Repository": "CRAN",
      "Hash": "a7fbf03946ad741129dc81098722fca1",
      "Requirements": [
        "base64enc",
        "cachem",
        "htmltools",
        "jquerylib",
        "jsonlite",
        "memoise",
        "mime",
        "rlang",
        "sass"
      ]
    },
    "cachem": {
      "Package": "cachem",
      "Version": "1.0.6",
      "Source": "Repository",
      "Repository": "CRAN",
      "Hash": "648c5b3d71e6a37e3043617489a0a0e9",
      "Requirements": [
        "fastmap",
        "rlang"
      ]
    },
    "callr": {
      "Package": "callr",
      "Version": "3.7.3",
      "Source": "Repository",
      "Repository": "CRAN",
      "Hash": "9b2191ede20fa29828139b9900922e51",
      "Requirements": [
        "R6",
        "processx"
      ]
    },
    "cellranger": {
      "Package": "cellranger",
      "Version": "1.1.0",
      "Source": "Repository",
      "Repository": "CRAN",
      "Hash": "f61dbaec772ccd2e17705c1e872e9e7c",
      "Requirements": [
        "rematch",
        "tibble"
      ]
    },
    "cli": {
      "Package": "cli",
      "Version": "3.6.0",
      "Source": "Repository",
      "Repository": "CRAN",
      "Hash": "3177a5a16c243adc199ba33117bd9657",
      "Requirements": []
    },
    "clipr": {
      "Package": "clipr",
      "Version": "0.8.0",
      "Source": "Repository",
      "Repository": "CRAN",
      "Hash": "3f038e5ac7f41d4ac41ce658c85e3042",
      "Requirements": []
    },
    "clustermq": {
      "Package": "clustermq",
      "Version": "0.8.95.4",
      "Source": "Repository",
      "Repository": "CRAN",
      "Hash": "b67af79a8dd643ed78bdeff5c9ccd052",
      "Requirements": [
        "R6",
        "Rcpp",
        "narray",
        "progress",
        "purrr"
      ]
    },
    "codetools": {
      "Package": "codetools",
      "Version": "0.2-19",
      "Source": "Repository",
      "Repository": "CRAN",
      "Hash": "c089a619a7fae175d149d89164f8c7d8",
      "Requirements": []
    },
    "colorspace": {
      "Package": "colorspace",
      "Version": "2.1-0",
      "Source": "Repository",
      "Repository": "CRAN",
      "Hash": "f20c47fd52fae58b4e377c37bb8c335b",
      "Requirements": []
    },
    "commonmark": {
      "Package": "commonmark",
      "Version": "1.8.1",
      "Source": "Repository",
      "Repository": "CRAN",
      "Hash": "b6e3e947d1d7ebf3d2bdcea1bde63fe7",
      "Requirements": []
    },
    "cpp11": {
      "Package": "cpp11",
      "Version": "0.4.3",
      "Source": "Repository",
      "Repository": "CRAN",
      "Hash": "ed588261931ee3be2c700d22e94a29ab",
      "Requirements": []
    },
    "crayon": {
      "Package": "crayon",
      "Version": "1.5.2",
      "Source": "Repository",
      "Repository": "CRAN",
      "Hash": "e8a1e41acf02548751f45c718d55aa6a",
      "Requirements": []
    },
    "curl": {
      "Package": "curl",
      "Version": "5.0.0",
      "Source": "Repository",
      "Repository": "CRAN",
      "Hash": "e4f97056611e8e6b8b852d13b7400cf1",
      "Requirements": []
    },
    "data.table": {
      "Package": "data.table",
      "Version": "1.14.6",
      "Source": "Repository",
      "Repository": "CRAN",
      "Hash": "aecef50008ea7b57c76f1cb5c127fb02",
      "Requirements": []
    },
    "digest": {
      "Package": "digest",
      "Version": "0.6.31",
      "Source": "Repository",
      "Repository": "CRAN",
      "Hash": "8b708f296afd9ae69f450f9640be8990",
      "Requirements": []
    },
    "dplyr": {
      "Package": "dplyr",
      "Version": "1.1.0",
      "Source": "Repository",
      "Repository": "CRAN",
      "Hash": "d3c34618017e7ae252d46d79a1b9ec32",
      "Requirements": [
        "R6",
        "cli",
        "generics",
        "glue",
        "lifecycle",
        "magrittr",
        "pillar",
        "rlang",
        "tibble",
        "tidyselect",
        "vctrs"
      ]
    },
    "ellipsis": {
      "Package": "ellipsis",
      "Version": "0.3.2",
      "Source": "Repository",
      "Repository": "CRAN",
      "Hash": "bb0eec2fe32e88d9e2836c2f73ea2077",
      "Requirements": [
        "rlang"
      ]
    },
    "evaluate": {
      "Package": "evaluate",
      "Version": "0.20",
      "Source": "Repository",
      "Repository": "CRAN",
      "Hash": "4b68aa51edd89a0e044a66e75ae3cc6c",
      "Requirements": []
    },
    "fansi": {
      "Package": "fansi",
      "Version": "1.0.4",
      "Source": "Repository",
      "Repository": "CRAN",
      "Hash": "1d9e7ad3c8312a192dea7d3db0274fde",
      "Requirements": []
    },
    "farver": {
      "Package": "farver",
      "Version": "2.1.1",
      "Source": "Repository",
      "Repository": "CRAN",
      "Hash": "8106d78941f34855c440ddb946b8f7a5",
      "Requirements": []
    },
    "fastmap": {
      "Package": "fastmap",
      "Version": "1.1.0",
      "Source": "Repository",
      "Repository": "CRAN",
      "Hash": "77bd60a6157420d4ffa93b27cf6a58b8",
      "Requirements": []
    },
    "fastmatch": {
      "Package": "fastmatch",
      "Version": "1.1-3",
      "Source": "Repository",
      "Repository": "CRAN",
      "Hash": "dabc225759a2c2b241e60e42bf0e8e54",
      "Requirements": []
    },
    "fontawesome": {
      "Package": "fontawesome",
      "Version": "0.5.0",
      "Source": "Repository",
      "Repository": "CRAN",
      "Hash": "e80750aec5717dedc019ad7ee40e4a7c",
      "Requirements": [
        "htmltools",
        "rlang"
      ]
    },
    "fresh": {
      "Package": "fresh",
      "Version": "0.2.0",
      "Source": "Repository",
      "Repository": "CRAN",
      "Hash": "fa54367040deb4537da49b7ac0ee5770",
      "Requirements": [
        "htmltools",
        "rstudioapi",
        "sass",
        "shiny"
      ]
    },
    "fs": {
      "Package": "fs",
      "Version": "1.6.0",
      "Source": "Repository",
      "Repository": "CRAN",
      "Hash": "0120e8c933bace1141e0b0d376b0c010",
      "Requirements": []
    },
    "furrr": {
      "Package": "furrr",
      "Version": "0.3.1",
      "Source": "Repository",
      "Repository": "CRAN",
      "Hash": "da7a4c32196cb2262a41dd5a25d486ff",
      "Requirements": [
        "future",
        "globals",
        "lifecycle",
        "purrr",
        "rlang",
        "vctrs"
      ]
    },
    "future": {
      "Package": "future",
      "Version": "1.31.0",
      "Source": "Repository",
      "Repository": "CRAN",
      "Hash": "f3f0fbe5ce9b77c002f8c5170790538a",
      "Requirements": [
        "digest",
        "globals",
        "listenv",
        "parallelly"
      ]
    },
    "future.apply": {
      "Package": "future.apply",
      "Version": "1.10.0",
      "Source": "Repository",
      "Repository": "CRAN",
      "Hash": "a930c9ddc317f898e6f5bed7be8dd322",
      "Requirements": [
        "future",
        "globals"
      ]
    },
    "future.callr": {
      "Package": "future.callr",
      "Version": "0.8.1",
      "Source": "Repository",
      "Repository": "CRAN",
      "Hash": "e76426c4a99a1798a9376c6fe9070a68",
      "Requirements": [
        "callr",
        "future"
      ]
    },
    "generics": {
      "Package": "generics",
      "Version": "0.1.3",
      "Source": "Repository",
      "Repository": "CRAN",
      "Hash": "15e9634c0fcd294799e9b2e929ed1b86",
      "Requirements": []
    },
    "ggforce": {
      "Package": "ggforce",
      "Version": "0.4.1",
      "Source": "Repository",
      "Repository": "CRAN",
      "Hash": "a06503f54e227f79b45a72df2946a2d2",
      "Requirements": [
        "MASS",
        "Rcpp",
        "RcppEigen",
        "cli",
        "ggplot2",
        "gtable",
        "lifecycle",
        "polyclip",
        "rlang",
        "scales",
        "systemfonts",
        "tidyselect",
        "tweenr",
        "vctrs",
        "withr"
      ]
    },
    "ggplot2": {
      "Package": "ggplot2",
      "Version": "3.4.0",
      "Source": "Repository",
      "Repository": "CRAN",
      "Hash": "fd2aab12f54400c6bca43687231e246b",
      "Requirements": [
        "MASS",
        "cli",
        "glue",
        "gtable",
        "isoband",
        "lifecycle",
        "mgcv",
        "rlang",
        "scales",
        "tibble",
        "vctrs",
        "withr"
      ]
    },
    "ggraph": {
      "Package": "ggraph",
      "Version": "2.1.0",
      "Source": "Repository",
      "Repository": "CRAN",
      "Hash": "62672fd99df5df5814f442e9cd5ec29b",
      "Requirements": [
        "MASS",
        "Rcpp",
        "cli",
        "digest",
        "dplyr",
        "ggforce",
        "ggplot2",
        "ggrepel",
        "graphlayouts",
        "gtable",
        "igraph",
        "lifecycle",
        "rlang",
        "scales",
        "tidygraph",
        "vctrs",
        "viridis",
        "withr"
      ]
    },
    "ggrepel": {
      "Package": "ggrepel",
      "Version": "0.9.3",
      "Source": "Repository",
      "Repository": "CRAN",
      "Hash": "92edfac53774706b4d6099f3ee6f6306",
      "Requirements": [
        "Rcpp",
        "ggplot2",
        "rlang",
        "scales",
        "withr"
      ]
    },
    "globals": {
      "Package": "globals",
      "Version": "0.16.2",
      "Source": "Repository",
      "Repository": "CRAN",
      "Hash": "baa9585ab4ce47a9f4618e671778cc6f",
      "Requirements": [
        "codetools"
      ]
    },
    "glue": {
      "Package": "glue",
      "Version": "1.6.2",
      "Source": "Repository",
      "Repository": "CRAN",
      "Hash": "4f2596dfb05dac67b9dc558e5c6fba2e",
      "Requirements": []
    },
    "graphlayouts": {
      "Package": "graphlayouts",
      "Version": "0.8.4",
      "Source": "Repository",
      "Repository": "CRAN",
      "Hash": "1f3bfd26e5a4b89a98f63d25508b1f95",
      "Requirements": [
        "Rcpp",
        "RcppArmadillo",
        "igraph"
      ]
    },
    "gridExtra": {
      "Package": "gridExtra",
      "Version": "2.3",
      "Source": "Repository",
      "Repository": "CRAN",
      "Hash": "7d7f283939f563670a697165b2cf5560",
      "Requirements": [
        "gtable"
      ]
    },
    "gt": {
      "Package": "gt",
      "Version": "0.8.0",
      "Source": "Repository",
      "Repository": "CRAN",
      "Hash": "d100be8d1f54dc589cc8d63366839287",
      "Requirements": [
        "base64enc",
        "bigD",
        "bitops",
        "cli",
        "commonmark",
        "dplyr",
        "fs",
        "ggplot2",
        "glue",
        "htmltools",
        "juicyjuice",
        "magrittr",
        "rlang",
        "sass",
        "scales",
        "tibble",
        "tidyselect"
      ]
    },
    "gtable": {
      "Package": "gtable",
      "Version": "0.3.1",
      "Source": "Repository",
      "Repository": "CRAN",
      "Hash": "36b4265fb818f6a342bed217549cd896",
      "Requirements": []
    },
    "highr": {
      "Package": "highr",
      "Version": "0.10",
      "Source": "Repository",
      "Repository": "CRAN",
      "Hash": "06230136b2d2b9ba5805e1963fa6e890",
      "Requirements": [
        "xfun"
      ]
    },
    "hms": {
      "Package": "hms",
      "Version": "1.1.2",
      "Source": "Repository",
      "Repository": "CRAN",
      "Hash": "41100392191e1244b887878b533eea91",
      "Requirements": [
        "ellipsis",
        "lifecycle",
        "pkgconfig",
        "rlang",
        "vctrs"
      ]
    },
    "htmltools": {
      "Package": "htmltools",
      "Version": "0.5.4",
      "Source": "Repository",
      "Repository": "CRAN",
      "Hash": "9d27e99cc90bd701c0a7a63e5923f9b7",
      "Requirements": [
        "base64enc",
        "digest",
        "ellipsis",
        "fastmap",
        "rlang"
      ]
    },
    "htmlwidgets": {
      "Package": "htmlwidgets",
      "Version": "1.6.1",
      "Source": "Repository",
      "Repository": "CRAN",
      "Hash": "b677ee5954471eaa974c0d099a343a1a",
      "Requirements": [
        "htmltools",
        "jsonlite",
        "knitr",
        "rmarkdown",
        "yaml"
      ]
    },
    "httpuv": {
      "Package": "httpuv",
      "Version": "1.6.8",
      "Source": "Repository",
      "Repository": "CRAN",
      "Hash": "08e611aee165b27f8ff18770285fb535",
      "Requirements": [
        "R6",
        "Rcpp",
        "later",
        "promises"
      ]
    },
    "httr": {
      "Package": "httr",
      "Version": "1.4.4",
      "Source": "Repository",
      "Repository": "CRAN",
      "Hash": "57557fac46471f0dbbf44705cc6a5c8c",
      "Requirements": [
        "R6",
        "curl",
        "jsonlite",
        "mime",
        "openssl"
      ]
    },
    "humaniformat": {
      "Package": "humaniformat",
      "Version": "0.6.0",
      "Source": "Repository",
      "Repository": "CRAN",
      "Hash": "d521cf9db39ca79250a00029661fb7cd",
      "Requirements": [
        "Rcpp"
      ]
    },
    "igraph": {
      "Package": "igraph",
      "Version": "1.3.5",
      "Source": "Repository",
      "Repository": "CRAN",
      "Hash": "132b06d7060f11ba8b4c7e7f385e9b7a",
      "Requirements": [
        "Matrix",
        "magrittr",
        "pkgconfig",
        "rlang"
      ]
    },
    "isoband": {
      "Package": "isoband",
      "Version": "0.2.7",
      "Source": "Repository",
      "Repository": "CRAN",
      "Hash": "0080607b4a1a7b28979aecef976d8bc2",
      "Requirements": []
    },
    "jquerylib": {
      "Package": "jquerylib",
      "Version": "0.1.4",
      "Source": "Repository",
      "Repository": "CRAN",
      "Hash": "5aab57a3bd297eee1c1d862735972182",
      "Requirements": [
        "htmltools"
      ]
    },
    "jsonlite": {
      "Package": "jsonlite",
      "Version": "1.8.4",
      "Source": "Repository",
      "Repository": "CRAN",
      "Hash": "a4269a09a9b865579b2635c77e572374",
      "Requirements": []
    },
    "juicyjuice": {
      "Package": "juicyjuice",
      "Version": "0.1.0",
      "Source": "Repository",
      "Repository": "CRAN",
      "Hash": "3bcd11943da509341838da9399e18bce",
      "Requirements": [
        "V8"
      ]
    },
    "kableExtra": {
      "Package": "kableExtra",
      "Version": "1.3.4",
      "Source": "Repository",
      "Repository": "CRAN",
      "Hash": "49b625e6aabe4c5f091f5850aba8ff78",
      "Requirements": [
        "digest",
        "glue",
        "htmltools",
        "knitr",
        "magrittr",
        "rmarkdown",
        "rstudioapi",
        "rvest",
        "scales",
        "stringr",
        "svglite",
        "viridisLite",
        "webshot",
        "xml2"
      ]
    },
    "knitr": {
      "Package": "knitr",
      "Version": "1.42",
      "Source": "Repository",
      "Repository": "CRAN",
      "Hash": "8329a9bcc82943c8069104d4be3ee22d",
      "Requirements": [
        "evaluate",
        "highr",
        "xfun",
        "yaml"
      ]
    },
    "labeling": {
      "Package": "labeling",
      "Version": "0.4.2",
      "Source": "Repository",
      "Repository": "CRAN",
      "Hash": "3d5108641f47470611a32d0bdf357a72",
      "Requirements": []
    },
    "later": {
      "Package": "later",
      "Version": "1.3.0",
      "Source": "Repository",
      "Repository": "CRAN",
      "Hash": "7e7b457d7766bc47f2a5f21cc2984f8e",
      "Requirements": [
        "Rcpp",
        "rlang"
      ]
    },
    "lattice": {
      "Package": "lattice",
      "Version": "0.20-45",
      "Source": "Repository",
      "Repository": "CRAN",
      "Hash": "b64cdbb2b340437c4ee047a1f4c4377b",
      "Requirements": []
    },
    "lifecycle": {
      "Package": "lifecycle",
      "Version": "1.0.3",
      "Source": "Repository",
      "Repository": "CRAN",
      "Hash": "001cecbeac1cff9301bdc3775ee46a86",
      "Requirements": [
        "cli",
        "glue",
        "rlang"
      ]
    },
    "listenv": {
      "Package": "listenv",
      "Version": "0.9.0",
      "Source": "Repository",
      "Repository": "CRAN",
      "Hash": "4fbd3679ec8ee169ba28d4b1ea7d0e8f",
      "Requirements": []
    },
    "magrittr": {
      "Package": "magrittr",
      "Version": "2.0.3",
      "Source": "Repository",
      "Repository": "CRAN",
      "Hash": "7ce2733a9826b3aeb1775d56fd305472",
      "Requirements": []
    },
    "markdown": {
      "Package": "markdown",
      "Version": "1.5",
      "Source": "Repository",
      "Repository": "CRAN",
      "Hash": "d209cfd1f4ff7260eae5a7f07da3aa4f",
      "Requirements": [
        "commonmark",
        "xfun"
      ]
    },
    "memoise": {
      "Package": "memoise",
      "Version": "2.0.1",
      "Source": "Repository",
      "Repository": "CRAN",
      "Hash": "e2817ccf4a065c5d9d7f2cfbe7c1d78c",
      "Requirements": [
        "cachem",
        "rlang"
      ]
    },
    "mgcv": {
      "Package": "mgcv",
      "Version": "1.8-41",
      "Source": "Repository",
      "Repository": "CRAN",
      "Hash": "6b3904f13346742caa3e82dd0303d4ad",
      "Requirements": [
        "Matrix",
        "nlme"
      ]
    },
    "mime": {
      "Package": "mime",
      "Version": "0.12",
      "Source": "Repository",
      "Repository": "CRAN",
      "Hash": "18e9c28c1d3ca1560ce30658b22ce104",
      "Requirements": []
    },
    "munsell": {
      "Package": "munsell",
      "Version": "0.5.0",
      "Source": "Repository",
      "Repository": "CRAN",
      "Hash": "6dfe8bf774944bd5595785e3229d8771",
      "Requirements": [
        "colorspace"
      ]
    },
    "narray": {
      "Package": "narray",
      "Version": "0.5.1",
      "Source": "Repository",
      "Repository": "CRAN",
      "Hash": "7ec5a2396d3c9ad4374495283dfcdc83",
      "Requirements": [
        "Rcpp",
        "progress",
        "stringr"
      ]
    },
    "ndjson": {
      "Package": "ndjson",
      "Version": "0.9.0",
      "Source": "Repository",
      "Repository": "CRAN",
      "Hash": "9d50f0353c90f841dbaf81c1e6c39098",
      "Requirements": [
        "Rcpp",
        "data.table",
        "tibble"
      ]
    },
    "nlme": {
      "Package": "nlme",
      "Version": "3.1-162",
      "Source": "Repository",
      "Repository": "CRAN",
      "Hash": "0984ce8da8da9ead8643c5cbbb60f83e",
      "Requirements": [
        "lattice"
      ]
    },
    "openssl": {
      "Package": "openssl",
      "Version": "2.0.5",
      "Source": "Repository",
      "Repository": "CRAN",
      "Hash": "b04c27110bf367b4daa93f34f3d58e75",
      "Requirements": [
        "askpass"
      ]
    },
    "parallelly": {
      "Package": "parallelly",
      "Version": "1.34.0",
      "Source": "Repository",
      "Repository": "CRAN",
      "Hash": "2a795ec0ddbfe465ca0d6471039631bf",
      "Requirements": []
    },
    "pdftools": {
      "Package": "pdftools",
      "Version": "3.3.2",
      "Source": "Repository",
      "Repository": "CRAN",
      "Hash": "70a559fc1523ab9cdd554bbcc4e34ddc",
      "Requirements": [
        "Rcpp",
        "qpdf"
      ]
    },
    "pillar": {
      "Package": "pillar",
      "Version": "1.8.1",
      "Source": "Repository",
      "Repository": "CRAN",
      "Hash": "f2316df30902c81729ae9de95ad5a608",
      "Requirements": [
        "cli",
        "fansi",
        "glue",
        "lifecycle",
        "rlang",
        "utf8",
        "vctrs"
      ]
    },
    "pingr": {
      "Package": "pingr",
      "Version": "2.0.2",
      "Source": "Repository",
      "Repository": "CRAN",
      "Hash": "b762f8f7d305f7eb0bab96eb1a3c782a",
      "Requirements": [
        "processx"
      ]
    },
    "pkgconfig": {
      "Package": "pkgconfig",
      "Version": "2.0.3",
      "Source": "Repository",
      "Repository": "CRAN",
      "Hash": "01f28d4278f15c76cddbea05899c5d6f",
      "Requirements": []
    },
    "polyclip": {
      "Package": "polyclip",
      "Version": "1.10-4",
      "Source": "Repository",
      "Repository": "CRAN",
      "Hash": "66bbfa06f78108ee967220643596c91e",
      "Requirements": []
    },
    "prettyunits": {
      "Package": "prettyunits",
      "Version": "1.1.1",
      "Source": "Repository",
      "Repository": "CRAN",
      "Hash": "95ef9167b75dde9d2ccc3c7528393e7e",
      "Requirements": []
    },
    "processx": {
      "Package": "processx",
      "Version": "3.8.0",
      "Source": "Repository",
      "Repository": "CRAN",
      "Hash": "a33ee2d9bf07564efb888ad98410da84",
      "Requirements": [
        "R6",
        "ps"
      ]
    },
    "progress": {
      "Package": "progress",
      "Version": "1.2.2",
      "Source": "Repository",
      "Repository": "CRAN",
      "Hash": "14dc9f7a3c91ebb14ec5bb9208a07061",
      "Requirements": [
        "R6",
        "crayon",
        "hms",
        "prettyunits"
      ]
    },
    "promises": {
      "Package": "promises",
      "Version": "1.2.0.1",
      "Source": "Repository",
      "Repository": "CRAN",
      "Hash": "4ab2c43adb4d4699cf3690acd378d75d",
      "Requirements": [
        "R6",
        "Rcpp",
        "later",
        "magrittr",
        "rlang"
      ]
    },
    "ps": {
      "Package": "ps",
      "Version": "1.7.2",
      "Source": "Repository",
      "Repository": "CRAN",
      "Hash": "68dd03d98a5efd1eb3012436de45ba83",
      "Requirements": []
    },
    "purrr": {
      "Package": "purrr",
      "Version": "1.0.1",
      "Source": "Repository",
      "Repository": "CRAN",
      "Hash": "d71c815267c640f17ddbf7f16144b4bb",
      "Requirements": [
        "cli",
        "lifecycle",
        "magrittr",
        "rlang",
        "vctrs"
      ]
    },
    "qpdf": {
      "Package": "qpdf",
      "Version": "1.3.0",
      "Source": "Repository",
      "Repository": "CRAN",
      "Hash": "c483a5cbb08463128f1bd714e6e9e914",
      "Requirements": [
        "Rcpp",
        "askpass",
        "curl"
      ]
    },
    "quanteda": {
      "Package": "quanteda",
      "Version": "3.2.4",
      "Source": "Repository",
      "Repository": "CRAN",
      "Hash": "0f3e045b82acfe3f56298ab16d89137a",
      "Requirements": [
        "Matrix",
        "Rcpp",
        "RcppArmadillo",
        "RcppParallel",
        "SnowballC",
        "fastmatch",
        "magrittr",
        "stopwords",
        "stringi",
        "xml2",
        "yaml"
      ]
    },
    "rappdirs": {
      "Package": "rappdirs",
      "Version": "0.3.3",
      "Source": "Repository",
      "Repository": "CRAN",
      "Hash": "5e3c5dc0b071b21fa128676560dbe94d",
      "Requirements": []
    },
    "readODS": {
      "Package": "readODS",
      "Version": "1.8.0",
      "Source": "Repository",
      "Repository": "CRAN",
      "Hash": "6cbfab165a9d86363941727612bddf19",
      "Requirements": [
        "cellranger",
        "purrr",
        "readr",
        "stringi",
        "xml2"
      ]
    },
    "readr": {
      "Package": "readr",
      "Version": "2.1.3",
      "Source": "Repository",
      "Repository": "CRAN",
      "Hash": "2dfbfc673ccb3de3d8836b4b3bd23d14",
      "Requirements": [
        "R6",
        "cli",
        "clipr",
        "cpp11",
        "crayon",
        "hms",
        "lifecycle",
        "rlang",
        "tibble",
        "tzdb",
        "vroom"
      ]
    },
    "readtext": {
      "Package": "readtext",
      "Version": "0.81",
      "Source": "Repository",
      "Repository": "CRAN",
      "Hash": "86936c0269527e6e92a8c28ac546c57c",
      "Requirements": [
        "antiword",
        "data.table",
        "digest",
        "httr",
        "jsonlite",
        "pdftools",
        "readODS",
        "readxl",
        "streamR",
        "stringi",
        "striprtf",
        "tibble",
        "xml2"
      ]
    },
    "readxl": {
      "Package": "readxl",
      "Version": "1.4.1",
      "Source": "Repository",
      "Repository": "CRAN",
      "Hash": "5c1fbc365ac0a3fe7728ac79108b8e64",
      "Requirements": [
        "cellranger",
        "cpp11",
        "progress",
        "tibble"
      ]
    },
    "rematch": {
      "Package": "rematch",
      "Version": "1.0.1",
      "Source": "Repository",
      "Repository": "CRAN",
      "Hash": "c66b930d20bb6d858cd18e1cebcfae5c",
      "Requirements": []
    },
    "renv": {
      "Package": "renv",
      "Version": "0.16.0",
      "Source": "Repository",
      "Repository": "CRAN",
      "Hash": "c9e8442ab69bc21c9697ecf856c1e6c7",
      "Requirements": []
    },
    "rjson": {
      "Package": "rjson",
      "Version": "0.2.21",
      "Source": "Repository",
      "Repository": "CRAN",
      "Hash": "f9da75e6444e95a1baf8ca24909d63b9",
      "Requirements": []
    },
    "rlang": {
      "Package": "rlang",
      "Version": "1.0.6",
      "Source": "Repository",
      "Repository": "CRAN",
      "Hash": "4ed1f8336c8d52c3e750adcdc57228a7",
      "Requirements": []
    },
    "rmarkdown": {
      "Package": "rmarkdown",
      "Version": "2.20",
      "Source": "Repository",
      "Repository": "CRAN",
      "Hash": "716fde5382293cc94a71f68c85b78d19",
      "Requirements": [
        "bslib",
        "evaluate",
        "htmltools",
        "jquerylib",
        "jsonlite",
        "knitr",
        "stringr",
        "tinytex",
        "xfun",
        "yaml"
      ]
    },
    "rstudioapi": {
      "Package": "rstudioapi",
      "Version": "0.14",
      "Source": "Repository",
      "Repository": "CRAN",
      "Hash": "690bd2acc42a9166ce34845884459320",
      "Requirements": []
    },
    "rvest": {
      "Package": "rvest",
      "Version": "1.0.3",
      "Source": "Repository",
      "Repository": "CRAN",
      "Hash": "a4a5ac819a467808c60e36e92ddf195e",
      "Requirements": [
        "cli",
        "glue",
        "httr",
        "lifecycle",
        "magrittr",
        "rlang",
        "selectr",
        "tibble",
        "withr",
        "xml2"
      ]
    },
    "sass": {
      "Package": "sass",
      "Version": "0.4.5",
      "Source": "Repository",
      "Repository": "CRAN",
      "Hash": "2bb4371a4c80115518261866eab6ab11",
      "Requirements": [
        "R6",
        "fs",
        "htmltools",
        "rappdirs",
        "rlang"
      ]
    },
    "scales": {
      "Package": "scales",
      "Version": "1.2.1",
      "Source": "Repository",
      "Repository": "CRAN",
      "Hash": "906cb23d2f1c5680b8ce439b44c6fa63",
      "Requirements": [
        "R6",
        "RColorBrewer",
        "farver",
        "labeling",
        "lifecycle",
        "munsell",
        "rlang",
        "viridisLite"
      ]
    },
    "selectr": {
      "Package": "selectr",
      "Version": "0.4-2",
      "Source": "Repository",
      "Repository": "CRAN",
      "Hash": "3838071b66e0c566d55cc26bd6e27bf4",
      "Requirements": [
        "R6",
        "stringr"
      ]
    },
    "shiny": {
      "Package": "shiny",
      "Version": "1.7.4",
      "Source": "Repository",
      "Repository": "CRAN",
      "Hash": "c2eae3d8c670fa9dfa35a12066f4a1d5",
      "Requirements": [
        "R6",
        "bslib",
        "cachem",
        "commonmark",
        "crayon",
        "ellipsis",
        "fastmap",
        "fontawesome",
        "glue",
        "htmltools",
        "httpuv",
        "jsonlite",
        "later",
        "lifecycle",
        "mime",
        "promises",
        "rlang",
        "sourcetools",
        "withr",
        "xtable"
      ]
    },
    "shinyWidgets": {
      "Package": "shinyWidgets",
      "Version": "0.7.6",
      "Source": "Repository",
      "Repository": "CRAN",
      "Hash": "fd889b32caa37b8ed9b1e9e7ef1564bc",
      "Requirements": [
        "anytime",
        "bslib",
        "htmltools",
        "jsonlite",
        "rlang",
        "sass",
        "shiny"
      ]
    },
    "shinybusy": {
      "Package": "shinybusy",
      "Version": "0.3.1",
      "Source": "Repository",
      "Repository": "CRAN",
      "Hash": "cf0b9330f677599316a4b36682081e8b",
      "Requirements": [
        "htmltools",
        "htmlwidgets",
        "jsonlite",
        "shiny"
      ]
    },
    "sourcetools": {
      "Package": "sourcetools",
      "Version": "0.1.7-1",
      "Source": "Repository",
      "Repository": "CRAN",
      "Hash": "5f5a7629f956619d519205ec475fe647",
      "Requirements": []
    },
    "stopwords": {
      "Package": "stopwords",
      "Version": "2.3",
      "Source": "Repository",
      "Repository": "CRAN",
      "Hash": "82036936cbed392a250d2e6ee6ef2e53",
      "Requirements": [
        "ISOcodes"
      ]
    },
    "streamR": {
      "Package": "streamR",
      "Version": "0.4.5",
      "Source": "Repository",
      "Repository": "CRAN",
      "Hash": "5956a234de8d4d49744dc51e8b39534c",
      "Requirements": [
        "RCurl",
        "ndjson",
        "rjson"
      ]
    },
    "stringi": {
      "Package": "stringi",
      "Version": "1.7.12",
      "Source": "Repository",
      "Repository": "CRAN",
      "Hash": "ca8bd84263c77310739d2cf64d84d7c9",
      "Requirements": []
    },
    "stringr": {
      "Package": "stringr",
      "Version": "1.5.0",
      "Source": "Repository",
      "Repository": "CRAN",
      "Hash": "671a4d384ae9d32fc47a14e98bfa3dc8",
      "Requirements": [
        "cli",
        "glue",
        "lifecycle",
        "magrittr",
        "rlang",
        "stringi",
        "vctrs"
      ]
    },
    "striprtf": {
      "Package": "striprtf",
      "Version": "0.5.3",
      "Source": "Repository",
      "Repository": "CRAN",
      "Hash": "737c6d8ca88c95cba31199f4e4f2265c",
      "Requirements": [
        "Rcpp",
        "magrittr",
        "stringr"
      ]
    },
    "svglite": {
      "Package": "svglite",
      "Version": "2.1.1",
      "Source": "Repository",
      "Repository": "CRAN",
      "Hash": "29442899581643411facb66f4add846a",
      "Requirements": [
        "cpp11",
        "systemfonts"
      ]
    },
    "sys": {
      "Package": "sys",
      "Version": "3.4.1",
      "Source": "Repository",
      "Repository": "CRAN",
      "Hash": "34c16f1ef796057bfa06d3f4ff818a5d",
      "Requirements": []
    },
    "systemfonts": {
      "Package": "systemfonts",
      "Version": "1.0.4",
      "Source": "Repository",
      "Repository": "CRAN",
      "Hash": "90b28393209827327de889f49935140a",
      "Requirements": [
        "cpp11"
      ]
    },
    "tarchetypes": {
      "Package": "tarchetypes",
      "Version": "0.7.4",
      "Source": "Repository",
      "Repository": "CRAN",
      "Hash": "7c17fd8229eb7ab46c008c06b6629bd0",
      "Requirements": [
        "digest",
        "dplyr",
        "fs",
        "furrr",
        "future",
        "future.callr",
        "rlang",
        "targets",
        "tibble",
        "tidyselect",
        "vctrs",
        "withr"
      ]
    },
    "targets": {
      "Package": "targets",
      "Version": "0.14.2",
      "Source": "Repository",
      "Repository": "CRAN",
      "Hash": "2d9503c7d701acccb205e5da6e9abacb",
      "Requirements": [
        "R6",
        "base64url",
        "callr",
        "cli",
        "codetools",
        "data.table",
        "digest",
        "igraph",
        "knitr",
        "rlang",
        "tibble",
        "tidyselect",
        "vctrs",
        "withr",
        "yaml"
      ]
    },
    "tibble": {
      "Package": "tibble",
      "Version": "3.1.8",
      "Source": "Repository",
      "Repository": "CRAN",
      "Hash": "56b6934ef0f8c68225949a8672fe1a8f",
      "Requirements": [
        "fansi",
        "lifecycle",
        "magrittr",
        "pillar",
        "pkgconfig",
        "rlang",
        "vctrs"
      ]
    },
    "tictoc": {
      "Package": "tictoc",
      "Version": "1.1",
      "Source": "Repository",
      "Repository": "CRAN",
      "Hash": "e1a2cb41e4be769a941c90c11469db90",
      "Requirements": []
    },
    "tidygraph": {
      "Package": "tidygraph",
      "Version": "1.2.3",
      "Source": "Repository",
      "Repository": "CRAN",
      "Hash": "0fc97a52b4b32a0b4a3de4c5241348e2",
      "Requirements": [
        "R6",
        "cli",
        "cpp11",
        "dplyr",
        "igraph",
        "magrittr",
        "pillar",
        "rlang",
        "tibble",
        "tidyr"
      ]
    },
    "tidyr": {
      "Package": "tidyr",
      "Version": "1.3.0",
      "Source": "Repository",
      "Repository": "CRAN",
      "Hash": "e47debdc7ce599b070c8e78e8ac0cfcf",
      "Requirements": [
        "cli",
        "cpp11",
        "dplyr",
        "glue",
        "lifecycle",
        "magrittr",
        "purrr",
        "rlang",
        "stringr",
        "tibble",
        "tidyselect",
        "vctrs"
      ]
    },
    "tidyselect": {
      "Package": "tidyselect",
      "Version": "1.2.0",
      "Source": "Repository",
      "Repository": "CRAN",
      "Hash": "79540e5fcd9e0435af547d885f184fd5",
      "Requirements": [
        "cli",
        "glue",
        "lifecycle",
        "rlang",
        "vctrs",
        "withr"
      ]
    },
    "tinytex": {
      "Package": "tinytex",
      "Version": "0.44",
      "Source": "Repository",
      "Repository": "CRAN",
      "Hash": "c0f007e2eeed7722ce13d42b84a22e07",
      "Requirements": [
        "xfun"
      ]
    },
    "tweenr": {
      "Package": "tweenr",
      "Version": "2.0.2",
      "Source": "Repository",
      "Repository": "CRAN",
      "Hash": "c16efcef4c72d3bff5e65031f3f1f841",
      "Requirements": [
        "cpp11",
        "farver",
        "magrittr",
        "rlang",
        "vctrs"
      ]
    },
    "tzdb": {
      "Package": "tzdb",
      "Version": "0.3.0",
      "Source": "Repository",
      "Repository": "CRAN",
      "Hash": "b2e1cbce7c903eaf23ec05c58e59fb5e",
      "Requirements": [
        "cpp11"
      ]
    },
    "utf8": {
      "Package": "utf8",
      "Version": "1.2.3",
      "Source": "Repository",
      "Repository": "CRAN",
      "Hash": "1fe17157424bb09c48a8b3b550c753bc",
      "Requirements": []
    },
    "vctrs": {
      "Package": "vctrs",
      "Version": "0.5.2",
      "Source": "Repository",
      "Repository": "CRAN",
      "Hash": "e4ffa94ceed5f124d429a5a5f0f5b378",
      "Requirements": [
        "cli",
        "glue",
        "lifecycle",
        "rlang"
      ]
    },
    "viridis": {
      "Package": "viridis",
      "Version": "0.6.2",
      "Source": "Repository",
      "Repository": "CRAN",
      "Hash": "ee96aee95a7a563e5496f8991e9fde4b",
      "Requirements": [
        "ggplot2",
        "gridExtra",
        "viridisLite"
      ]
    },
    "viridisLite": {
      "Package": "viridisLite",
      "Version": "0.4.1",
      "Source": "Repository",
      "Repository": "CRAN",
      "Hash": "62f4b5da3e08d8e5bcba6cac15603f70",
      "Requirements": []
    },
    "visNetwork": {
      "Package": "visNetwork",
      "Version": "2.1.2",
      "Source": "Repository",
      "Repository": "CRAN",
      "Hash": "3e48b097e8d9a91ecced2ed4817a678d",
      "Requirements": [
        "htmltools",
        "htmlwidgets",
        "jsonlite",
        "magrittr"
      ]
    },
    "vroom": {
      "Package": "vroom",
      "Version": "1.6.1",
      "Source": "Repository",
      "Repository": "CRAN",
      "Hash": "7015a74373b83ffaef64023f4a0f5033",
      "Requirements": [
        "bit64",
        "cli",
        "cpp11",
        "crayon",
        "glue",
        "hms",
        "lifecycle",
        "progress",
        "rlang",
        "tibble",
        "tidyselect",
        "tzdb",
        "vctrs",
        "withr"
      ]
    },
    "waiter": {
      "Package": "waiter",
      "Version": "0.2.5",
      "Source": "Repository",
      "Repository": "CRAN",
      "Hash": "93e6b6c8ae3f81d4be77a0dc74e5cf5e",
      "Requirements": [
        "R6",
        "htmltools",
        "shiny"
      ]
    },
    "webshot": {
      "Package": "webshot",
      "Version": "0.5.4",
      "Source": "Repository",
      "Repository": "CRAN",
      "Hash": "cfd9342c76693ae53108a474aafa1641",
      "Requirements": [
        "callr",
        "jsonlite",
        "magrittr"
      ]
    },
    "withr": {
      "Package": "withr",
      "Version": "2.5.0",
      "Source": "Repository",
      "Repository": "CRAN",
      "Hash": "c0e49a9760983e81e55cdd9be92e7182",
      "Requirements": []
    },
    "xfun": {
      "Package": "xfun",
      "Version": "0.37",
      "Source": "Repository",
      "Repository": "CRAN",
      "Hash": "a6860e1400a8fd1ddb6d9b4230cc34ab",
      "Requirements": []
    },
    "xml2": {
      "Package": "xml2",
      "Version": "1.3.3",
      "Source": "Repository",
      "Repository": "CRAN",
      "Hash": "40682ed6a969ea5abfd351eb67833adc",
      "Requirements": []
    },
    "xtable": {
      "Package": "xtable",
      "Version": "1.8-4",
      "Source": "Repository",
      "Repository": "CRAN",
      "Hash": "b8acdf8af494d9ec19ccb2481a9b11c2",
      "Requirements": []
    },
    "yaml": {
      "Package": "yaml",
      "Version": "2.3.7",
      "Source": "Repository",
      "Repository": "CRAN",
      "Hash": "0d0056cc5383fbc240ccd0cb584bf436",
      "Requirements": []
    },
    "zip": {
      "Package": "zip",
      "Version": "2.2.2",
      "Source": "Repository",
      "Repository": "CRAN",
      "Hash": "c42bfcec3fa6a0cce17ce1f8bc684f88",
      "Requirements": []
    }
  }
}
